
Microsoft Visual Studio Solution File, Format Version 12.00
# Visual Studio Version 17
VisualStudioVersion = 17.5.33502.453
MinimumVisualStudioVersion = 10.0.40219.1
Project("{FAE04EC0-301F-11D3-BF4B-00C04F79EFBC}") = "CA_W12_ALFRED_W", "CA_W12_ALFRED_W\CA_W12_ALFRED_W.csproj", "{60CB837C-863B-422D-A00B-CFAF55C7E802}"
EndProject
Global
	GlobalSection(SolutionConfigurationPlatforms) = preSolution
		Debug|Any CPU = Debug|Any CPU
		Release|Any CPU = Release|Any CPU
	EndGlobalSection
	GlobalSection(ProjectConfigurationPlatforms) = postSolution
		{60CB837C-863B-422D-A00B-CFAF55C7E802}.Debug|Any CPU.ActiveCfg = Debug|Any CPU
		{60CB837C-863B-422D-A00B-CFAF55C7E802}.Debug|Any CPU.Build.0 = Debug|Any CPU
		{60CB837C-863B-422D-A00B-CFAF55C7E802}.Release|Any CPU.ActiveCfg = Release|Any CPU
		{60CB837C-863B-422D-A00B-CFAF55C7E802}.Release|Any CPU.Build.0 = Release|Any CPU
	EndGlobalSection
	GlobalSection(SolutionProperties) = preSolution
		HideSolutionNode = FALSE
	EndGlobalSection
	GlobalSection(ExtensibilityGlobals) = postSolution
		SolutionGuid = {FF1F6FFA-9BFA-4E79-817D-DB38FDBDD9C7}
	EndGlobalSection
EndGlobal
